
Microsoft Visual Studio Solution File, Format Version 12.00
# Visual Studio 2013
VisualStudioVersion = 12.0.31101.0
MinimumVisualStudioVersion = 10.0.40219.1
Project("{2150E333-8FDC-42A3-9474-1A3956D46DE8}") = ".nuget", ".nuget", "{3F4B7398-DFE7-4911-B479-E2D16A8134D9}"
	ProjectSection(SolutionItems) = preProject
		.nuget\NuGet.Config = .nuget\NuGet.Config
		.nuget\NuGet.exe = .nuget\NuGet.exe
		.nuget\NuGet.targets = .nuget\NuGet.targets
	EndProjectSection
EndProject
Project("{F2A71F9B-5D33-465A-A702-920D77279786}") = "FSharp.Compatibility.OCaml", "FSharp.Compatibility.OCaml\FSharp.Compatibility.OCaml.fsproj", "{DFE5F3B6-2BFB-46FC-A315-B3A841B3E566}"
EndProject
Project("{F2A71F9B-5D33-465A-A702-920D77279786}") = "FSharp.Compatibility.OCaml.System", "FSharp.Compatibility.OCaml.System\FSharp.Compatibility.OCaml.System.fsproj", "{3EB634CE-737D-446E-8720-0D84C595A814}"
EndProject
Project("{F2A71F9B-5D33-465A-A702-920D77279786}") = "FSharp.Compatibility.OCaml.Format", "FSharp.Compatibility.OCaml.Format\FSharp.Compatibility.OCaml.Format.fsproj", "{7B5B561F-00E6-4E62-A9ED-45995CB00E81}"
EndProject
Project("{F2A71F9B-5D33-465A-A702-920D77279786}") = "FSharp.Compatibility.OCaml.Tests", "FSharp.Compatibility.OCaml.Tests\FSharp.Compatibility.OCaml.Tests.fsproj", "{E82A40EA-FFF1-471C-84E0-843D9F288E8C}"
EndProject
Project("{F2A71F9B-5D33-465A-A702-920D77279786}") = "FSharp.Compatibility.StandardML", "FSharp.Compatibility.StandardML\FSharp.Compatibility.StandardML.fsproj", "{72813CEE-D360-4B49-93F8-FE2B0EE7E1B0}"
EndProject
Project("{F2A71F9B-5D33-465A-A702-920D77279786}") = "FSharp.Compatibility.Haskell", "FSharp.Compatibility.Haskell\FSharp.Compatibility.Haskell.fsproj", "{6A12D691-8475-4579-A71B-EBA478F70C4B}"
EndProject
Project("{F2A71F9B-5D33-465A-A702-920D77279786}") = "FSharp.Compatibility.Scala", "FSharp.Compatibility.Scala\FSharp.Compatibility.Scala.fsproj", "{0A30B6F0-AD6A-4AD5-83AF-860EA98C81C0}"
EndProject
Project("{F2A71F9B-5D33-465A-A702-920D77279786}") = "FSharp.Compatibility.OCaml.System.Tests", "FSharp.Compatibility.OCaml.System.Tests\FSharp.Compatibility.OCaml.System.Tests.fsproj", "{E7A0AE32-362C-49BF-AFB7-D3466453973A}"
EndProject
Global
	GlobalSection(SolutionConfigurationPlatforms) = preSolution
		Debug|Any CPU = Debug|Any CPU
		Release|Any CPU = Release|Any CPU
	EndGlobalSection
	GlobalSection(ProjectConfigurationPlatforms) = postSolution
		{DFE5F3B6-2BFB-46FC-A315-B3A841B3E566}.Debug|Any CPU.ActiveCfg = Debug|Any CPU
		{DFE5F3B6-2BFB-46FC-A315-B3A841B3E566}.Release|Any CPU.ActiveCfg = Release|Any CPU
		{DFE5F3B6-2BFB-46FC-A315-B3A841B3E566}.Release|Any CPU.Build.0 = Release|Any CPU
		{3EB634CE-737D-446E-8720-0D84C595A814}.Debug|Any CPU.ActiveCfg = Debug|Any CPU
		{3EB634CE-737D-446E-8720-0D84C595A814}.Debug|Any CPU.Build.0 = Debug|Any CPU
		{3EB634CE-737D-446E-8720-0D84C595A814}.Release|Any CPU.ActiveCfg = Release|Any CPU
		{3EB634CE-737D-446E-8720-0D84C595A814}.Release|Any CPU.Build.0 = Release|Any CPU
		{7B5B561F-00E6-4E62-A9ED-45995CB00E81}.Debug|Any CPU.ActiveCfg = Debug|Any CPU
		{7B5B561F-00E6-4E62-A9ED-45995CB00E81}.Debug|Any CPU.Build.0 = Debug|Any CPU
		{7B5B561F-00E6-4E62-A9ED-45995CB00E81}.Release|Any CPU.ActiveCfg = Release|Any CPU
		{7B5B561F-00E6-4E62-A9ED-45995CB00E81}.Release|Any CPU.Build.0 = Release|Any CPU
		{E82A40EA-FFF1-471C-84E0-843D9F288E8C}.Debug|Any CPU.ActiveCfg = Debug|Any CPU
		{E82A40EA-FFF1-471C-84E0-843D9F288E8C}.Debug|Any CPU.Build.0 = Debug|Any CPU
		{E82A40EA-FFF1-471C-84E0-843D9F288E8C}.Release|Any CPU.ActiveCfg = Release|Any CPU
		{E82A40EA-FFF1-471C-84E0-843D9F288E8C}.Release|Any CPU.Build.0 = Release|Any CPU
		{72813CEE-D360-4B49-93F8-FE2B0EE7E1B0}.Debug|Any CPU.ActiveCfg = Debug|Any CPU
		{72813CEE-D360-4B49-93F8-FE2B0EE7E1B0}.Debug|Any CPU.Build.0 = Debug|Any CPU
		{72813CEE-D360-4B49-93F8-FE2B0EE7E1B0}.Release|Any CPU.ActiveCfg = Release|Any CPU
		{72813CEE-D360-4B49-93F8-FE2B0EE7E1B0}.Release|Any CPU.Build.0 = Release|Any CPU
		{6A12D691-8475-4579-A71B-EBA478F70C4B}.Debug|Any CPU.ActiveCfg = Debug|Any CPU
		{6A12D691-8475-4579-A71B-EBA478F70C4B}.Debug|Any CPU.Build.0 = Debug|Any CPU
		{6A12D691-8475-4579-A71B-EBA478F70C4B}.Release|Any CPU.ActiveCfg = Release|Any CPU
		{6A12D691-8475-4579-A71B-EBA478F70C4B}.Release|Any CPU.Build.0 = Release|Any CPU
		{0A30B6F0-AD6A-4AD5-83AF-860EA98C81C0}.Debug|Any CPU.ActiveCfg = Debug|Any CPU
		{0A30B6F0-AD6A-4AD5-83AF-860EA98C81C0}.Debug|Any CPU.Build.0 = Debug|Any CPU
		{0A30B6F0-AD6A-4AD5-83AF-860EA98C81C0}.Release|Any CPU.ActiveCfg = Release|Any CPU
		{0A30B6F0-AD6A-4AD5-83AF-860EA98C81C0}.Release|Any CPU.Build.0 = Release|Any CPU
		{E7A0AE32-362C-49BF-AFB7-D3466453973A}.Debug|Any CPU.ActiveCfg = Debug|Any CPU
		{E7A0AE32-362C-49BF-AFB7-D3466453973A}.Debug|Any CPU.Build.0 = Debug|Any CPU
		{E7A0AE32-362C-49BF-AFB7-D3466453973A}.Release|Any CPU.ActiveCfg = Release|Any CPU
		{E7A0AE32-362C-49BF-AFB7-D3466453973A}.Release|Any CPU.Build.0 = Release|Any CPU
	EndGlobalSection
	GlobalSection(SolutionProperties) = preSolution
		HideSolutionNode = FALSE
	EndGlobalSection
EndGlobal
