
Microsoft Visual Studio Solution File, Format Version 11.00
# Visual Studio 2010
Project("{F2A71F9B-5D33-465A-A702-920D77279786}") = "FSharpx.Compatibility.OCaml", "FSharpx.Compatibility.OCaml\FSharpx.Compatibility.OCaml.fsproj", "{DFE5F3B6-2BFB-46FC-A315-B3A841B3E566}"
EndProject
Global
	GlobalSection(SolutionConfigurationPlatforms) = preSolution
		Debug|Any CPU = Debug|Any CPU
		Release|Any CPU = Release|Any CPU
	EndGlobalSection
	GlobalSection(ProjectConfigurationPlatforms) = postSolution
		{B9545CB8-8216-4645-885D-CC9FF094C2D9}.Debug|Any CPU.ActiveCfg = Debug|Any CPU
		{B9545CB8-8216-4645-885D-CC9FF094C2D9}.Debug|Any CPU.Build.0 = Debug|Any CPU
		{B9545CB8-8216-4645-885D-CC9FF094C2D9}.Release|Any CPU.ActiveCfg = Release|Any CPU
		{B9545CB8-8216-4645-885D-CC9FF094C2D9}.Release|Any CPU.Build.0 = Release|Any CPU
	EndGlobalSection
	GlobalSection(SolutionProperties) = preSolution
		HideSolutionNode = FALSE
	EndGlobalSection
EndGlobal
